{
  "name": "lineus",
  "version": "1.0.0",
  "lockfileVersion": 1,
  "requires": true,
  "dependencies": {
    "async-limiter": {
      "version": "1.0.0",
      "resolved": "https://registry.npmjs.org/async-limiter/-/async-limiter-1.0.0.tgz",
      "integrity": "sha512-jp/uFnooOiO+L211eZOoSyzpOITMXx1rBITauYykG3BRYPu8h0UcxsPNB04RR5vo4Tyz3+ay17tR6JVf9qzYWg=="
    },
    "isomorphic-ws": {
      "version": "4.0.1",
      "resolved": "https://registry.npmjs.org/isomorphic-ws/-/isomorphic-ws-4.0.1.tgz",
      "integrity": "sha512-BhBvN2MBpWTaSHdWRb/bwdZJ1WaehQ2L1KngkCkfLUGF0mAWAT1sQUQacEmQ0jXkFw/czDXPNQSL5u2/Krsz1w=="
    },
    "lowercase-keys": {
      "version": "1.0.1",
      "resolved": "https://registry.npmjs.org/lowercase-keys/-/lowercase-keys-1.0.1.tgz",
      "integrity": "sha512-G2Lj61tXDnVFFOi8VZds+SoQjtQC3dgokKdDG2mTm1tx4m50NUHBOZSBwQQHyy0V12A0JTG4icfZQH+xPyh8VA=="
    },
    "nanoassert": {
      "version": "1.1.0",
      "resolved": "https://registry.npmjs.org/nanoassert/-/nanoassert-1.1.0.tgz",
      "integrity": "sha1-TzFS4JVA/eKMdvRLGbvNHVpCR40="
    },
    "nanobus": {
      "version": "4.4.0",
      "resolved": "https://registry.npmjs.org/nanobus/-/nanobus-4.4.0.tgz",
      "integrity": "sha512-Hv9USGyH8EsPy0o8pPWE7x3YRIfuZDgMBirzjU6XLebhiSK2g53JlfqgolD0c39ne6wXAfaBNcIAvYe22Bav+Q==",
      "requires": {
        "nanoassert": "^1.1.0",
        "nanotiming": "^7.2.0",
        "remove-array-items": "^1.0.0"
      }
    },
    "nanoscheduler": {
      "version": "1.0.3",
      "resolved": "https://registry.npmjs.org/nanoscheduler/-/nanoscheduler-1.0.3.tgz",
      "integrity": "sha512-jBbrF3qdU9321r8n9X7yu18DjP31Do2ItJm3mWrt90wJTrnDO+HXpoV7ftaUglAtjgj9s+OaCxGufbvx6pvbEQ==",
      "requires": {
        "nanoassert": "^1.1.0"
      }
    },
    "nanotiming": {
      "version": "7.3.1",
      "resolved": "https://registry.npmjs.org/nanotiming/-/nanotiming-7.3.1.tgz",
      "integrity": "sha512-l3lC7v/PfOuRWQa8vV29Jo6TG10wHtnthLElFXs4Te4Aas57Fo4n1Q8LH9n+NDh9riOzTVvb2QNBhTS4JUKNjw==",
      "requires": {
        "nanoassert": "^1.1.0",
        "nanoscheduler": "^1.0.2"
      }
    },
    "p-event": {
      "version": "2.1.0",
      "resolved": "https://registry.npmjs.org/p-event/-/p-event-2.1.0.tgz",
      "integrity": "sha512-sDEpDVnzLGlJj3k590uUdpfEUySP5yAYlvfTCu5hTDvSTXQVecYWKcEwdO49PrZlnJ5wkfAvtawnno/jyXeqvA==",
      "requires": {
        "p-timeout": "^2.0.1"
      }
    },
    "p-finally": {
      "version": "1.0.0",
      "resolved": "https://registry.npmjs.org/p-finally/-/p-finally-1.0.0.tgz",
      "integrity": "sha1-P7z7FbiZpEEjs0ttzBi3JDNqLK4="
    },
    "p-queue": {
      "version": "3.0.0",
      "resolved": "https://registry.npmjs.org/p-queue/-/p-queue-3.0.0.tgz",
      "integrity": "sha512-2tv/MRmPXfmfnjLLJAHl+DdU8p2DhZafAnlpm/C/T5BpF5L9wKz5tMin4A4N2zVpJL2YMhPlRmtO7s5EtNrjfA=="
    },
    "p-timeout": {
      "version": "2.0.1",
      "resolved": "https://registry.npmjs.org/p-timeout/-/p-timeout-2.0.1.tgz",
      "integrity": "sha512-88em58dDVB/KzPEx1X0N3LwFfYZPyDc4B6eF38M1rk9VTZMbxXXgjugz8mmwpS9Ox4BDZ+t6t3QP5+/gazweIA==",
      "requires": {
        "p-finally": "^1.0.0"
      }
    },
    "prettier": {
      "version": "1.13.6",
      "resolved": "https://registry.npmjs.org/prettier/-/prettier-1.13.6.tgz",
      "integrity": "sha512-p5eqCNiohWZN++7aJXUVj0JgLqHCPLf9GLIcLBHGNWs4Y9FJOPs6+KNO2WT0udJIQJTbeZFrJkjzjcb8fkAYYQ==",
      "dev": true
    },
    "remove-array-items": {
      "version": "1.1.1",
      "resolved": "https://registry.npmjs.org/remove-array-items/-/remove-array-items-1.1.1.tgz",
      "integrity": "sha512-MXW/jtHyl5F1PZI7NbpS8SOtympdLuF20aoWJT5lELR1p/HJDd5nqW8Eu9uLh/hCRY3FgvrIT5AwDCgBODklcA=="
    },
    "ws": {
      "version": "6.1.2",
      "resolved": "https://registry.npmjs.org/ws/-/ws-6.1.2.tgz",
      "integrity": "sha512-rfUqzvz0WxmSXtJpPMX2EeASXabOrSMk1ruMOV3JBTBjo4ac2lDjGGsbQSyxj8Odhw5fBib8ZKEjDNvgouNKYw==",
      "requires": {
        "async-limiter": "~1.0.0"
      }
    }
  }
}
